
Microsoft Visual Studio Solution File, Format Version 12.00
# Visual Studio Version 16
VisualStudioVersion = 16.0.31025.194
MinimumVisualStudioVersion = 10.0.40219.1
Project("{8BC9CEB8-8B4A-11D0-8D11-00A0C91BC942}") = "01Chapter", "01Chapter\01Chapter.vcxproj", "{6B911945-0ECB-4185-97C8-530C5074F192}"
EndProject
Project("{8BC9CEB8-8B4A-11D0-8D11-00A0C91BC942}") = "02Chapter", "02Chapter\02Chapter.vcxproj", "{1E89593B-C2F7-4742-863D-29CEFA88000F}"
EndProject
Project("{8BC9CEB8-8B4A-11D0-8D11-00A0C91BC942}") = "03Chapter", "03Chapter\03Chapter.vcxproj", "{25A41C71-E286-448F-AD00-67FF417A4705}"
EndProject
Project("{8BC9CEB8-8B4A-11D0-8D11-00A0C91BC942}") = "04Chapter", "04Chapter\04Chapter.vcxproj", "{3A9A70F7-26AD-4D62-A371-D3D301124637}"
EndProject
Project("{8BC9CEB8-8B4A-11D0-8D11-00A0C91BC942}") = "05Chapter", "05Chapter\05Chapter.vcxproj", "{2782CD51-F34E-4404-8A30-DB9A05D2987F}"
EndProject
Project("{8BC9CEB8-8B4A-11D0-8D11-00A0C91BC942}") = "06Chapter", "06Chapter\06Chapter.vcxproj", "{D02ADABA-14E1-4FF8-8807-B5883B4C2BB4}"
EndProject
Project("{8BC9CEB8-8B4A-11D0-8D11-00A0C91BC942}") = "07Chapter", "07Chapter\07Chapter.vcxproj", "{5EA4CC92-9C01-460A-A74C-5427474B7692}"
EndProject
Project("{8BC9CEB8-8B4A-11D0-8D11-00A0C91BC942}") = "08Chapter", "08Chapter\08Chapter.vcxproj", "{F5208B07-2609-4B94-944F-CD139E4D40B6}"
EndProject
Project("{8BC9CEB8-8B4A-11D0-8D11-00A0C91BC942}") = "09Chapter", "09Chapter\09Chapter.vcxproj", "{00B8D8F6-AF84-4357-B7EE-3CB51C0CC3F8}"
EndProject
Project("{8BC9CEB8-8B4A-11D0-8D11-00A0C91BC942}") = "10chapter", "10chapter\10chapter.vcxproj", "{66F7591C-E860-498C-AD31-2F300727C846}"
EndProject
Global
	GlobalSection(SolutionConfigurationPlatforms) = preSolution
		Debug|x64 = Debug|x64
		Debug|x86 = Debug|x86
		Release|x64 = Release|x64
		Release|x86 = Release|x86
	EndGlobalSection
	GlobalSection(ProjectConfigurationPlatforms) = postSolution
		{6B911945-0ECB-4185-97C8-530C5074F192}.Debug|x64.ActiveCfg = Debug|x64
		{6B911945-0ECB-4185-97C8-530C5074F192}.Debug|x64.Build.0 = Debug|x64
		{6B911945-0ECB-4185-97C8-530C5074F192}.Debug|x86.ActiveCfg = Debug|Win32
		{6B911945-0ECB-4185-97C8-530C5074F192}.Debug|x86.Build.0 = Debug|Win32
		{6B911945-0ECB-4185-97C8-530C5074F192}.Release|x64.ActiveCfg = Release|x64
		{6B911945-0ECB-4185-97C8-530C5074F192}.Release|x64.Build.0 = Release|x64
		{6B911945-0ECB-4185-97C8-530C5074F192}.Release|x86.ActiveCfg = Release|Win32
		{6B911945-0ECB-4185-97C8-530C5074F192}.Release|x86.Build.0 = Release|Win32
		{1E89593B-C2F7-4742-863D-29CEFA88000F}.Debug|x64.ActiveCfg = Debug|x64
		{1E89593B-C2F7-4742-863D-29CEFA88000F}.Debug|x64.Build.0 = Debug|x64
		{1E89593B-C2F7-4742-863D-29CEFA88000F}.Debug|x86.ActiveCfg = Debug|Win32
		{1E89593B-C2F7-4742-863D-29CEFA88000F}.Debug|x86.Build.0 = Debug|Win32
		{1E89593B-C2F7-4742-863D-29CEFA88000F}.Release|x64.ActiveCfg = Release|x64
		{1E89593B-C2F7-4742-863D-29CEFA88000F}.Release|x64.Build.0 = Release|x64
		{1E89593B-C2F7-4742-863D-29CEFA88000F}.Release|x86.ActiveCfg = Release|Win32
		{1E89593B-C2F7-4742-863D-29CEFA88000F}.Release|x86.Build.0 = Release|Win32
		{25A41C71-E286-448F-AD00-67FF417A4705}.Debug|x64.ActiveCfg = Debug|x64
		{25A41C71-E286-448F-AD00-67FF417A4705}.Debug|x64.Build.0 = Debug|x64
		{25A41C71-E286-448F-AD00-67FF417A4705}.Debug|x86.ActiveCfg = Debug|Win32
		{25A41C71-E286-448F-AD00-67FF417A4705}.Debug|x86.Build.0 = Debug|Win32
		{25A41C71-E286-448F-AD00-67FF417A4705}.Release|x64.ActiveCfg = Release|x64
		{25A41C71-E286-448F-AD00-67FF417A4705}.Release|x64.Build.0 = Release|x64
		{25A41C71-E286-448F-AD00-67FF417A4705}.Release|x86.ActiveCfg = Release|Win32
		{25A41C71-E286-448F-AD00-67FF417A4705}.Release|x86.Build.0 = Release|Win32
		{3A9A70F7-26AD-4D62-A371-D3D301124637}.Debug|x64.ActiveCfg = Debug|x64
		{3A9A70F7-26AD-4D62-A371-D3D301124637}.Debug|x64.Build.0 = Debug|x64
		{3A9A70F7-26AD-4D62-A371-D3D301124637}.Debug|x86.ActiveCfg = Debug|Win32
		{3A9A70F7-26AD-4D62-A371-D3D301124637}.Debug|x86.Build.0 = Debug|Win32
		{3A9A70F7-26AD-4D62-A371-D3D301124637}.Release|x64.ActiveCfg = Release|x64
		{3A9A70F7-26AD-4D62-A371-D3D301124637}.Release|x64.Build.0 = Release|x64
		{3A9A70F7-26AD-4D62-A371-D3D301124637}.Release|x86.ActiveCfg = Release|Win32
		{3A9A70F7-26AD-4D62-A371-D3D301124637}.Release|x86.Build.0 = Release|Win32
		{2782CD51-F34E-4404-8A30-DB9A05D2987F}.Debug|x64.ActiveCfg = Debug|x64
		{2782CD51-F34E-4404-8A30-DB9A05D2987F}.Debug|x64.Build.0 = Debug|x64
		{2782CD51-F34E-4404-8A30-DB9A05D2987F}.Debug|x86.ActiveCfg = Debug|Win32
		{2782CD51-F34E-4404-8A30-DB9A05D2987F}.Debug|x86.Build.0 = Debug|Win32
		{2782CD51-F34E-4404-8A30-DB9A05D2987F}.Release|x64.ActiveCfg = Release|x64
		{2782CD51-F34E-4404-8A30-DB9A05D2987F}.Release|x64.Build.0 = Release|x64
		{2782CD51-F34E-4404-8A30-DB9A05D2987F}.Release|x86.ActiveCfg = Release|Win32
		{2782CD51-F34E-4404-8A30-DB9A05D2987F}.Release|x86.Build.0 = Release|Win32
		{D02ADABA-14E1-4FF8-8807-B5883B4C2BB4}.Debug|x64.ActiveCfg = Debug|x64
		{D02ADABA-14E1-4FF8-8807-B5883B4C2BB4}.Debug|x64.Build.0 = Debug|x64
		{D02ADABA-14E1-4FF8-8807-B5883B4C2BB4}.Debug|x86.ActiveCfg = Debug|Win32
		{D02ADABA-14E1-4FF8-8807-B5883B4C2BB4}.Debug|x86.Build.0 = Debug|Win32
		{D02ADABA-14E1-4FF8-8807-B5883B4C2BB4}.Release|x64.ActiveCfg = Release|x64
		{D02ADABA-14E1-4FF8-8807-B5883B4C2BB4}.Release|x64.Build.0 = Release|x64
		{D02ADABA-14E1-4FF8-8807-B5883B4C2BB4}.Release|x86.ActiveCfg = Release|Win32
		{D02ADABA-14E1-4FF8-8807-B5883B4C2BB4}.Release|x86.Build.0 = Release|Win32
		{5EA4CC92-9C01-460A-A74C-5427474B7692}.Debug|x64.ActiveCfg = Debug|x64
		{5EA4CC92-9C01-460A-A74C-5427474B7692}.Debug|x64.Build.0 = Debug|x64
		{5EA4CC92-9C01-460A-A74C-5427474B7692}.Debug|x86.ActiveCfg = Debug|Win32
		{5EA4CC92-9C01-460A-A74C-5427474B7692}.Debug|x86.Build.0 = Debug|Win32
		{5EA4CC92-9C01-460A-A74C-5427474B7692}.Release|x64.ActiveCfg = Release|x64
		{5EA4CC92-9C01-460A-A74C-5427474B7692}.Release|x64.Build.0 = Release|x64
		{5EA4CC92-9C01-460A-A74C-5427474B7692}.Release|x86.ActiveCfg = Release|Win32
		{5EA4CC92-9C01-460A-A74C-5427474B7692}.Release|x86.Build.0 = Release|Win32
		{F5208B07-2609-4B94-944F-CD139E4D40B6}.Debug|x64.ActiveCfg = Debug|x64
		{F5208B07-2609-4B94-944F-CD139E4D40B6}.Debug|x64.Build.0 = Debug|x64
		{F5208B07-2609-4B94-944F-CD139E4D40B6}.Debug|x86.ActiveCfg = Debug|Win32
		{F5208B07-2609-4B94-944F-CD139E4D40B6}.Debug|x86.Build.0 = Debug|Win32
		{F5208B07-2609-4B94-944F-CD139E4D40B6}.Release|x64.ActiveCfg = Release|x64
		{F5208B07-2609-4B94-944F-CD139E4D40B6}.Release|x64.Build.0 = Release|x64
		{F5208B07-2609-4B94-944F-CD139E4D40B6}.Release|x86.ActiveCfg = Release|Win32
		{F5208B07-2609-4B94-944F-CD139E4D40B6}.Release|x86.Build.0 = Release|Win32
		{00B8D8F6-AF84-4357-B7EE-3CB51C0CC3F8}.Debug|x64.ActiveCfg = Debug|x64
		{00B8D8F6-AF84-4357-B7EE-3CB51C0CC3F8}.Debug|x64.Build.0 = Debug|x64
		{00B8D8F6-AF84-4357-B7EE-3CB51C0CC3F8}.Debug|x86.ActiveCfg = Debug|Win32
		{00B8D8F6-AF84-4357-B7EE-3CB51C0CC3F8}.Debug|x86.Build.0 = Debug|Win32
		{00B8D8F6-AF84-4357-B7EE-3CB51C0CC3F8}.Release|x64.ActiveCfg = Release|x64
		{00B8D8F6-AF84-4357-B7EE-3CB51C0CC3F8}.Release|x64.Build.0 = Release|x64
		{00B8D8F6-AF84-4357-B7EE-3CB51C0CC3F8}.Release|x86.ActiveCfg = Release|Win32
		{00B8D8F6-AF84-4357-B7EE-3CB51C0CC3F8}.Release|x86.Build.0 = Release|Win32
		{66F7591C-E860-498C-AD31-2F300727C846}.Debug|x64.ActiveCfg = Debug|x64
		{66F7591C-E860-498C-AD31-2F300727C846}.Debug|x64.Build.0 = Debug|x64
		{66F7591C-E860-498C-AD31-2F300727C846}.Debug|x86.ActiveCfg = Debug|Win32
		{66F7591C-E860-498C-AD31-2F300727C846}.Debug|x86.Build.0 = Debug|Win32
		{66F7591C-E860-498C-AD31-2F300727C846}.Release|x64.ActiveCfg = Release|x64
		{66F7591C-E860-498C-AD31-2F300727C846}.Release|x64.Build.0 = Release|x64
		{66F7591C-E860-498C-AD31-2F300727C846}.Release|x86.ActiveCfg = Release|Win32
		{66F7591C-E860-498C-AD31-2F300727C846}.Release|x86.Build.0 = Release|Win32
	EndGlobalSection
	GlobalSection(SolutionProperties) = preSolution
		HideSolutionNode = FALSE
	EndGlobalSection
	GlobalSection(ExtensibilityGlobals) = postSolution
		SolutionGuid = {647E7F3E-C496-4DF8-A0FA-973392C582B8}
	EndGlobalSection
EndGlobal
